// !$*UTF8*$!
{
	archiveVersion = 1;
	classes = {
	};
	objectVersion = 51;
	objects = {

/* Begin PBXBuildFile section */
		0F512F4D1DA0BB7353FCAEE4 /* Pods_ExampleSignup.framework in Frameworks */ = {isa = PBXBuildFile; fileRef = 76202ADB07E1AA636CE1066B /* Pods_ExampleSignup.framework */; };
		F354AA73249AA40A0087E0DC /* Profile.storyboard in Resources */ = {isa = PBXBuildFile; fileRef = F354AA72249AA40A0087E0DC /* Profile.storyboard */; };
		F354AA75249AA5D70087E0DC /* ProfileVC.swift in Sources */ = {isa = PBXBuildFile; fileRef = F354AA74249AA5D70087E0DC /* ProfileVC.swift */; };
		F354AA78249AA9C80087E0DC /* ProfileVM.swift in Sources */ = {isa = PBXBuildFile; fileRef = F354AA77249AA9C80087E0DC /* ProfileVM.swift */; };
		F354AA7D249AB6970087E0DC /* UserLists.storyboard in Resources */ = {isa = PBXBuildFile; fileRef = F354AA7C249AB6970087E0DC /* UserLists.storyboard */; };
		F354AA7F249AB6B90087E0DC /* UserListsVC.swift in Sources */ = {isa = PBXBuildFile; fileRef = F354AA7E249AB6B90087E0DC /* UserListsVC.swift */; };
		F354AA84249AB7120087E0DC /* UserListTableViewCell.swift in Sources */ = {isa = PBXBuildFile; fileRef = F354AA82249AB7120087E0DC /* UserListTableViewCell.swift */; };
		F354AA85249AB7120087E0DC /* UserListTableViewCell.xib in Resources */ = {isa = PBXBuildFile; fileRef = F354AA83249AB7120087E0DC /* UserListTableViewCell.xib */; };
		F36CF16C2499211F00CF3D5B /* Localizable.strings in Resources */ = {isa = PBXBuildFile; fileRef = F36CF16E2499211F00CF3D5B /* Localizable.strings */; };
		F36CF17B249922C500CF3D5B /* MainCoordinator.swift in Sources */ = {isa = PBXBuildFile; fileRef = F36CF1792499225200CF3D5B /* MainCoordinator.swift */; };
		F36CF17C249922C900CF3D5B /* Coordinator.swift in Sources */ = {isa = PBXBuildFile; fileRef = F36CF17A2499225200CF3D5B /* Coordinator.swift */; };
		F36CF17D249922CD00CF3D5B /* DataManager.swift in Sources */ = {isa = PBXBuildFile; fileRef = F36CF171249921A200CF3D5B /* DataManager.swift */; };
		F36CF17E249922D000CF3D5B /* Localizable.swift in Sources */ = {isa = PBXBuildFile; fileRef = F36CF172249921A200CF3D5B /* Localizable.swift */; };
		F36CF17F249922D300CF3D5B /* LanguageManager.swift in Sources */ = {isa = PBXBuildFile; fileRef = F36CF170249921A200CF3D5B /* LanguageManager.swift */; };
		F36CF180249922D500CF3D5B /* UserDefault.swift in Sources */ = {isa = PBXBuildFile; fileRef = F36CF173249921A200CF3D5B /* UserDefault.swift */; };
		F36CF1832499233300CF3D5B /* ReactiveExtensiones.swift in Sources */ = {isa = PBXBuildFile; fileRef = F36CF1822499233300CF3D5B /* ReactiveExtensiones.swift */; };
		F36CF1892499243C00CF3D5B /* AnimateloadingView.swift in Sources */ = {isa = PBXBuildFile; fileRef = F36CF1852499243200CF3D5B /* AnimateloadingView.swift */; };
		F36CF18A2499243C00CF3D5B /* LoadingView.xib in Resources */ = {isa = PBXBuildFile; fileRef = F36CF1862499243200CF3D5B /* LoadingView.xib */; };
		F36CF18B2499243C00CF3D5B /* LoadingViewable.swift in Sources */ = {isa = PBXBuildFile; fileRef = F36CF1872499243200CF3D5B /* LoadingViewable.swift */; };
		F36CF18C2499243C00CF3D5B /* loadingView.swift in Sources */ = {isa = PBXBuildFile; fileRef = F36CF1882499243200CF3D5B /* loadingView.swift */; };
		F36CF1922499285900CF3D5B /* ViewContollerLoadable.swift in Sources */ = {isa = PBXBuildFile; fileRef = F36CF18E2499285300CF3D5B /* ViewContollerLoadable.swift */; };
		F36CF1942499285900CF3D5B /* StoryboardNames.swift in Sources */ = {isa = PBXBuildFile; fileRef = F36CF1902499285300CF3D5B /* StoryboardNames.swift */; };
		F36CF1952499285900CF3D5B /* AddChildViewController.swift in Sources */ = {isa = PBXBuildFile; fileRef = F36CF1912499285300CF3D5B /* AddChildViewController.swift */; };
		F36CF19C24992A9F00CF3D5B /* Splash.storyboard in Resources */ = {isa = PBXBuildFile; fileRef = F36CF19B24992A9F00CF3D5B /* Splash.storyboard */; };
		F36CF19E24992AB400CF3D5B /* SplashVC.swift in Sources */ = {isa = PBXBuildFile; fileRef = F36CF19D24992AB400CF3D5B /* SplashVC.swift */; };
		F36CF1B324992FE600CF3D5B /* main.swift in Sources */ = {isa = PBXBuildFile; fileRef = F36CF1B224992FE600CF3D5B /* main.swift */; };
		F36CF1B62499306E00CF3D5B /* Bundle + ChangeLanguage.swift in Sources */ = {isa = PBXBuildFile; fileRef = F36CF1B52499306100CF3D5B /* Bundle + ChangeLanguage.swift */; };
		F36CF1C72499391500CF3D5B /* RegisterCoordinator.swift in Sources */ = {isa = PBXBuildFile; fileRef = F36CF1C12499391500CF3D5B /* RegisterCoordinator.swift */; };
		F36CF1CB249939A100CF3D5B /* ProfileCoordinator.swift in Sources */ = {isa = PBXBuildFile; fileRef = F36CF1CA2499398D00CF3D5B /* ProfileCoordinator.swift */; };
		F36CF1D124993B6400CF3D5B /* Login.storyboard in Resources */ = {isa = PBXBuildFile; fileRef = F36CF1D024993B6400CF3D5B /* Login.storyboard */; };
		F36CF1D324993B7500CF3D5B /* LoginViewModel.swift in Sources */ = {isa = PBXBuildFile; fileRef = F36CF1D224993B7500CF3D5B /* LoginViewModel.swift */; };
		F36CF1DB24993B9200CF3D5B /* ExampleSignupTests.swift in Sources */ = {isa = PBXBuildFile; fileRef = F36CF1DA24993B9200CF3D5B /* ExampleSignupTests.swift */; };
		F36CF1E5249942F200CF3D5B /* LoginProtocols.swift in Sources */ = {isa = PBXBuildFile; fileRef = F36CF1E4249942B200CF3D5B /* LoginProtocols.swift */; };
		F36CF1E92499457100CF3D5B /* LoginManager.swift in Sources */ = {isa = PBXBuildFile; fileRef = F36CF1E82499457100CF3D5B /* LoginManager.swift */; };
		F36CF1EB249945C900CF3D5B /* User.swift in Sources */ = {isa = PBXBuildFile; fileRef = F36CF1EA249945C900CF3D5B /* User.swift */; };
		F36CF1ED249956E300CF3D5B /* UserDefault + Extentions.swift in Sources */ = {isa = PBXBuildFile; fileRef = F36CF1EC249956E300CF3D5B /* UserDefault + Extentions.swift */; };
		F36CF1F124996BBF00CF3D5B /* LoginVC.swift in Sources */ = {isa = PBXBuildFile; fileRef = F36CF1F024996BBF00CF3D5B /* LoginVC.swift */; };
		F36CF1F324996D9200CF3D5B /* RegisterValidation.swift in Sources */ = {isa = PBXBuildFile; fileRef = F36CF1F224996D9200CF3D5B /* RegisterValidation.swift */; };
		F36CF1F72499723800CF3D5B /* MessageView.xib in Resources */ = {isa = PBXBuildFile; fileRef = F36CF1F52499723800CF3D5B /* MessageView.xib */; };
		F36CF1F82499723800CF3D5B /* MessageView.swift in Sources */ = {isa = PBXBuildFile; fileRef = F36CF1F62499723800CF3D5B /* MessageView.swift */; };
		F36CF1FB2499729900CF3D5B /* UIView + Tap.swift in Sources */ = {isa = PBXBuildFile; fileRef = F36CF1FA2499729900CF3D5B /* UIView + Tap.swift */; };
		F36CF1FD249972C000CF3D5B /* UIView + Fill.swift in Sources */ = {isa = PBXBuildFile; fileRef = F36CF1FC249972C000CF3D5B /* UIView + Fill.swift */; };
		F37941DD2499F70600BDFAE0 /* SignupVC.swift in Sources */ = {isa = PBXBuildFile; fileRef = F37941DC2499F2DE00BDFAE0 /* SignupVC.swift */; };
		F37941DF2499F8F100BDFAE0 /* RegisterViewModel.swift in Sources */ = {isa = PBXBuildFile; fileRef = F37941DE2499F8F100BDFAE0 /* RegisterViewModel.swift */; };
		F37941E0249A069400BDFAE0 /* Signup.storyboard in Resources */ = {isa = PBXBuildFile; fileRef = F37941DB2499F2DE00BDFAE0 /* Signup.storyboard */; };
		F3C7A8DF249AC0DE00AF7A9C /* UserListViewModel.swift in Sources */ = {isa = PBXBuildFile; fileRef = F3C7A8DE249AC0DE00AF7A9C /* UserListViewModel.swift */; };
		F3CFA92924991B0400348ADC /* AppDelegate.swift in Sources */ = {isa = PBXBuildFile; fileRef = F3CFA92824991B0400348ADC /* AppDelegate.swift */; };
		F3CFA93224991B0500348ADC /* Assets.xcassets in Resources */ = {isa = PBXBuildFile; fileRef = F3CFA93124991B0500348ADC /* Assets.xcassets */; };
		F3CFA93524991B0500348ADC /* LaunchScreen.storyboard in Resources */ = {isa = PBXBuildFile; fileRef = F3CFA93324991B0500348ADC /* LaunchScreen.storyboard */; };
/* End PBXBuildFile section */

/* Begin PBXContainerItemProxy section */
		F36CF1DD24993B9200CF3D5B /* PBXContainerItemProxy */ = {
			isa = PBXContainerItemProxy;
			containerPortal = F3CFA91D24991B0400348ADC /* Project object */;
			proxyType = 1;
			remoteGlobalIDString = F3CFA92424991B0400348ADC;
			remoteInfo = ExampleSignup;
		};
/* End PBXContainerItemProxy section */

/* Begin PBXFileReference section */
		0B92EBC00F0E0EB09B4C0055 /* Pods-ExampleSignup.debug.xcconfig */ = {isa = PBXFileReference; includeInIndex = 1; lastKnownFileType = text.xcconfig; name = "Pods-ExampleSignup.debug.xcconfig"; path = "Target Support Files/Pods-ExampleSignup/Pods-ExampleSignup.debug.xcconfig"; sourceTree = "<group>"; };
		76202ADB07E1AA636CE1066B /* Pods_ExampleSignup.framework */ = {isa = PBXFileReference; explicitFileType = wrapper.framework; includeInIndex = 0; path = Pods_ExampleSignup.framework; sourceTree = BUILT_PRODUCTS_DIR; };
		C0B8AA4B6E564714C4090AC9 /* Pods-ExampleSignup.release.xcconfig */ = {isa = PBXFileReference; includeInIndex = 1; lastKnownFileType = text.xcconfig; name = "Pods-ExampleSignup.release.xcconfig"; path = "Target Support Files/Pods-ExampleSignup/Pods-ExampleSignup.release.xcconfig"; sourceTree = "<group>"; };
		F354AA72249AA40A0087E0DC /* Profile.storyboard */ = {isa = PBXFileReference; lastKnownFileType = file.storyboard; path = Profile.storyboard; sourceTree = "<group>"; };
		F354AA74249AA5D70087E0DC /* ProfileVC.swift */ = {isa = PBXFileReference; lastKnownFileType = sourcecode.swift; path = ProfileVC.swift; sourceTree = "<group>"; };
		F354AA77249AA9C80087E0DC /* ProfileVM.swift */ = {isa = PBXFileReference; lastKnownFileType = sourcecode.swift; path = ProfileVM.swift; sourceTree = "<group>"; };
		F354AA7C249AB6970087E0DC /* UserLists.storyboard */ = {isa = PBXFileReference; lastKnownFileType = file.storyboard; path = UserLists.storyboard; sourceTree = "<group>"; };
		F354AA7E249AB6B90087E0DC /* UserListsVC.swift */ = {isa = PBXFileReference; lastKnownFileType = sourcecode.swift; path = UserListsVC.swift; sourceTree = "<group>"; };
		F354AA82249AB7120087E0DC /* UserListTableViewCell.swift */ = {isa = PBXFileReference; lastKnownFileType = sourcecode.swift; path = UserListTableViewCell.swift; sourceTree = "<group>"; };
		F354AA83249AB7120087E0DC /* UserListTableViewCell.xib */ = {isa = PBXFileReference; lastKnownFileType = file.xib; path = UserListTableViewCell.xib; sourceTree = "<group>"; };
		F36CF16D2499211F00CF3D5B /* fa */ = {isa = PBXFileReference; lastKnownFileType = text.plist.strings; name = fa; path = fa.lproj/Localizable.strings; sourceTree = "<group>"; };
		F36CF170249921A200CF3D5B /* LanguageManager.swift */ = {isa = PBXFileReference; lastKnownFileType = sourcecode.swift; path = LanguageManager.swift; sourceTree = "<group>"; };
		F36CF171249921A200CF3D5B /* DataManager.swift */ = {isa = PBXFileReference; lastKnownFileType = sourcecode.swift; path = DataManager.swift; sourceTree = "<group>"; };
		F36CF172249921A200CF3D5B /* Localizable.swift */ = {isa = PBXFileReference; lastKnownFileType = sourcecode.swift; path = Localizable.swift; sourceTree = "<group>"; };
		F36CF173249921A200CF3D5B /* UserDefault.swift */ = {isa = PBXFileReference; lastKnownFileType = sourcecode.swift; path = UserDefault.swift; sourceTree = "<group>"; };
		F36CF1792499225200CF3D5B /* MainCoordinator.swift */ = {isa = PBXFileReference; lastKnownFileType = sourcecode.swift; path = MainCoordinator.swift; sourceTree = "<group>"; };
		F36CF17A2499225200CF3D5B /* Coordinator.swift */ = {isa = PBXFileReference; lastKnownFileType = sourcecode.swift; path = Coordinator.swift; sourceTree = "<group>"; };
		F36CF1822499233300CF3D5B /* ReactiveExtensiones.swift */ = {isa = PBXFileReference; fileEncoding = 4; lastKnownFileType = sourcecode.swift; path = ReactiveExtensiones.swift; sourceTree = "<group>"; };
		F36CF1852499243200CF3D5B /* AnimateloadingView.swift */ = {isa = PBXFileReference; lastKnownFileType = sourcecode.swift; path = AnimateloadingView.swift; sourceTree = "<group>"; };
		F36CF1862499243200CF3D5B /* LoadingView.xib */ = {isa = PBXFileReference; lastKnownFileType = file.xib; path = LoadingView.xib; sourceTree = "<group>"; };
		F36CF1872499243200CF3D5B /* LoadingViewable.swift */ = {isa = PBXFileReference; lastKnownFileType = sourcecode.swift; path = LoadingViewable.swift; sourceTree = "<group>"; };
		F36CF1882499243200CF3D5B /* loadingView.swift */ = {isa = PBXFileReference; lastKnownFileType = sourcecode.swift; path = loadingView.swift; sourceTree = "<group>"; };
		F36CF18E2499285300CF3D5B /* ViewContollerLoadable.swift */ = {isa = PBXFileReference; lastKnownFileType = sourcecode.swift; path = ViewContollerLoadable.swift; sourceTree = "<group>"; };
		F36CF1902499285300CF3D5B /* StoryboardNames.swift */ = {isa = PBXFileReference; lastKnownFileType = sourcecode.swift; path = StoryboardNames.swift; sourceTree = "<group>"; };
		F36CF1912499285300CF3D5B /* AddChildViewController.swift */ = {isa = PBXFileReference; lastKnownFileType = sourcecode.swift; path = AddChildViewController.swift; sourceTree = "<group>"; };
		F36CF19B24992A9F00CF3D5B /* Splash.storyboard */ = {isa = PBXFileReference; lastKnownFileType = file.storyboard; path = Splash.storyboard; sourceTree = "<group>"; };
		F36CF19D24992AB400CF3D5B /* SplashVC.swift */ = {isa = PBXFileReference; lastKnownFileType = sourcecode.swift; path = SplashVC.swift; sourceTree = "<group>"; };
		F36CF1B224992FE600CF3D5B /* main.swift */ = {isa = PBXFileReference; lastKnownFileType = sourcecode.swift; path = main.swift; sourceTree = "<group>"; };
		F36CF1B52499306100CF3D5B /* Bundle + ChangeLanguage.swift */ = {isa = PBXFileReference; lastKnownFileType = sourcecode.swift; path = "Bundle + ChangeLanguage.swift"; sourceTree = "<group>"; };
		F36CF1C12499391500CF3D5B /* RegisterCoordinator.swift */ = {isa = PBXFileReference; fileEncoding = 4; lastKnownFileType = sourcecode.swift; path = RegisterCoordinator.swift; sourceTree = "<group>"; };
		F36CF1CA2499398D00CF3D5B /* ProfileCoordinator.swift */ = {isa = PBXFileReference; lastKnownFileType = sourcecode.swift; path = ProfileCoordinator.swift; sourceTree = "<group>"; };
		F36CF1D024993B6400CF3D5B /* Login.storyboard */ = {isa = PBXFileReference; lastKnownFileType = file.storyboard; name = Login.storyboard; path = ExampleSignup/Scenes/Splash/View/Login.storyboard; sourceTree = SOURCE_ROOT; };
		F36CF1D224993B7500CF3D5B /* LoginViewModel.swift */ = {isa = PBXFileReference; lastKnownFileType = sourcecode.swift; name = LoginViewModel.swift; path = ExampleSignup/Scenes/Splash/View/LoginViewModel.swift; sourceTree = SOURCE_ROOT; };
		F36CF1D824993B9100CF3D5B /* ExampleSignupTests.xctest */ = {isa = PBXFileReference; explicitFileType = wrapper.cfbundle; includeInIndex = 0; path = ExampleSignupTests.xctest; sourceTree = BUILT_PRODUCTS_DIR; };
		F36CF1DA24993B9200CF3D5B /* ExampleSignupTests.swift */ = {isa = PBXFileReference; lastKnownFileType = sourcecode.swift; path = ExampleSignupTests.swift; sourceTree = "<group>"; };
		F36CF1DC24993B9200CF3D5B /* Info.plist */ = {isa = PBXFileReference; lastKnownFileType = text.plist.xml; path = Info.plist; sourceTree = "<group>"; };
		F36CF1E4249942B200CF3D5B /* LoginProtocols.swift */ = {isa = PBXFileReference; lastKnownFileType = sourcecode.swift; path = LoginProtocols.swift; sourceTree = "<group>"; };
		F36CF1E82499457100CF3D5B /* LoginManager.swift */ = {isa = PBXFileReference; lastKnownFileType = sourcecode.swift; name = LoginManager.swift; path = ExampleSignup/Scenes/Splash/View/LoginManager.swift; sourceTree = SOURCE_ROOT; };
		F36CF1EA249945C900CF3D5B /* User.swift */ = {isa = PBXFileReference; lastKnownFileType = sourcecode.swift; name = User.swift; path = ExampleSignup/Scenes/Splash/View/User.swift; sourceTree = SOURCE_ROOT; };
		F36CF1EC249956E300CF3D5B /* UserDefault + Extentions.swift */ = {isa = PBXFileReference; lastKnownFileType = sourcecode.swift; path = "UserDefault + Extentions.swift"; sourceTree = "<group>"; };
		F36CF1F024996BBF00CF3D5B /* LoginVC.swift */ = {isa = PBXFileReference; lastKnownFileType = sourcecode.swift; path = LoginVC.swift; sourceTree = "<group>"; };
		F36CF1F224996D9200CF3D5B /* RegisterValidation.swift */ = {isa = PBXFileReference; lastKnownFileType = sourcecode.swift; path = RegisterValidation.swift; sourceTree = "<group>"; };
		F36CF1F52499723800CF3D5B /* MessageView.xib */ = {isa = PBXFileReference; fileEncoding = 4; lastKnownFileType = file.xib; path = MessageView.xib; sourceTree = "<group>"; };
		F36CF1F62499723800CF3D5B /* MessageView.swift */ = {isa = PBXFileReference; fileEncoding = 4; lastKnownFileType = sourcecode.swift; path = MessageView.swift; sourceTree = "<group>"; };
		F36CF1FA2499729900CF3D5B /* UIView + Tap.swift */ = {isa = PBXFileReference; lastKnownFileType = sourcecode.swift; path = "UIView + Tap.swift"; sourceTree = "<group>"; };
		F36CF1FC249972C000CF3D5B /* UIView + Fill.swift */ = {isa = PBXFileReference; lastKnownFileType = sourcecode.swift; path = "UIView + Fill.swift"; sourceTree = "<group>"; };
		F37941DB2499F2DE00BDFAE0 /* Signup.storyboard */ = {isa = PBXFileReference; lastKnownFileType = file.storyboard; path = Signup.storyboard; sourceTree = "<group>"; };
		F37941DC2499F2DE00BDFAE0 /* SignupVC.swift */ = {isa = PBXFileReference; lastKnownFileType = sourcecode.swift; path = SignupVC.swift; sourceTree = "<group>"; };
		F37941DE2499F8F100BDFAE0 /* RegisterViewModel.swift */ = {isa = PBXFileReference; lastKnownFileType = sourcecode.swift; path = RegisterViewModel.swift; sourceTree = "<group>"; };
		F3C7A8DE249AC0DE00AF7A9C /* UserListViewModel.swift */ = {isa = PBXFileReference; lastKnownFileType = sourcecode.swift; path = UserListViewModel.swift; sourceTree = "<group>"; };
		F3CFA92524991B0400348ADC /* ExampleSignup.app */ = {isa = PBXFileReference; explicitFileType = wrapper.application; includeInIndex = 0; path = ExampleSignup.app; sourceTree = BUILT_PRODUCTS_DIR; };
		F3CFA92824991B0400348ADC /* AppDelegate.swift */ = {isa = PBXFileReference; lastKnownFileType = sourcecode.swift; path = AppDelegate.swift; sourceTree = "<group>"; };
		F3CFA93124991B0500348ADC /* Assets.xcassets */ = {isa = PBXFileReference; lastKnownFileType = folder.assetcatalog; path = Assets.xcassets; sourceTree = "<group>"; };
		F3CFA93424991B0500348ADC /* Base */ = {isa = PBXFileReference; lastKnownFileType = file.storyboard; name = Base; path = Base.lproj/LaunchScreen.storyboard; sourceTree = "<group>"; };
		F3CFA93624991B0500348ADC /* Info.plist */ = {isa = PBXFileReference; lastKnownFileType = text.plist.xml; path = Info.plist; sourceTree = "<group>"; };
/* End PBXFileReference section */

/* Begin PBXFrameworksBuildPhase section */
		F36CF1D524993B9100CF3D5B /* Frameworks */ = {
			isa = PBXFrameworksBuildPhase;
			buildActionMask = 2147483647;
			files = (
			);
			runOnlyForDeploymentPostprocessing = 0;
		};
		F3CFA92224991B0400348ADC /* Frameworks */ = {
			isa = PBXFrameworksBuildPhase;
			buildActionMask = 2147483647;
			files = (
				0F512F4D1DA0BB7353FCAEE4 /* Pods_ExampleSignup.framework in Frameworks */,
			);
			runOnlyForDeploymentPostprocessing = 0;
		};
/* End PBXFrameworksBuildPhase section */

/* Begin PBXGroup section */
		5C2643ACC61B0CD1EEBEA4C0 /* Frameworks */ = {
			isa = PBXGroup;
			children = (
				76202ADB07E1AA636CE1066B /* Pods_ExampleSignup.framework */,
			);
			name = Frameworks;
			sourceTree = "<group>";
		};
		8EC690446E05A90CC66CD1A9 /* Pods */ = {
			isa = PBXGroup;
			children = (
				0B92EBC00F0E0EB09B4C0055 /* Pods-ExampleSignup.debug.xcconfig */,
				C0B8AA4B6E564714C4090AC9 /* Pods-ExampleSignup.release.xcconfig */,
			);
			path = Pods;
			sourceTree = "<group>";
		};
		F354AA71249AA3FA0087E0DC /* View */ = {
			isa = PBXGroup;
			children = (
				F354AA72249AA40A0087E0DC /* Profile.storyboard */,
				F354AA74249AA5D70087E0DC /* ProfileVC.swift */,
			);
			path = View;
			sourceTree = "<group>";
		};
		F354AA76249AA9BB0087E0DC /* ViewModel */ = {
			isa = PBXGroup;
			children = (
				F354AA77249AA9C80087E0DC /* ProfileVM.swift */,
			);
			path = ViewModel;
			sourceTree = "<group>";
		};
		F354AA79249AB65D0087E0DC /* List */ = {
			isa = PBXGroup;
			children = (
				F3C7A8DD249AC0C900AF7A9C /* ViewModel */,
				F354AA7B249AB6870087E0DC /* View */,
			);
			path = List;
			sourceTree = "<group>";
		};
		F354AA7A249AB6660087E0DC /* EditProfile */ = {
			isa = PBXGroup;
			children = (
				F354AA76249AA9BB0087E0DC /* ViewModel */,
				F354AA71249AA3FA0087E0DC /* View */,
			);
			path = EditProfile;
			sourceTree = "<group>";
		};
		F354AA7B249AB6870087E0DC /* View */ = {
			isa = PBXGroup;
			children = (
				F354AA80249AB6D70087E0DC /* SubViews */,
				F354AA7C249AB6970087E0DC /* UserLists.storyboard */,
				F354AA7E249AB6B90087E0DC /* UserListsVC.swift */,
			);
			path = View;
			sourceTree = "<group>";
		};
		F354AA80249AB6D70087E0DC /* SubViews */ = {
			isa = PBXGroup;
			children = (
				F354AA81249AB6DE0087E0DC /* Cells */,
			);
			path = SubViews;
			sourceTree = "<group>";
		};
		F354AA81249AB6DE0087E0DC /* Cells */ = {
			isa = PBXGroup;
			children = (
				F354AA82249AB7120087E0DC /* UserListTableViewCell.swift */,
				F354AA83249AB7120087E0DC /* UserListTableViewCell.xib */,
			);
			path = Cells;
			sourceTree = "<group>";
		};
		F36CF16624991E7900CF3D5B /* Support */ = {
			isa = PBXGroup;
			children = (
				F3CFA92824991B0400348ADC /* AppDelegate.swift */,
				F3CFA93324991B0500348ADC /* LaunchScreen.storyboard */,
				F3CFA93624991B0500348ADC /* Info.plist */,
				F36CF16E2499211F00CF3D5B /* Localizable.strings */,
				F36CF1B224992FE600CF3D5B /* main.swift */,
			);
			path = Support;
			sourceTree = "<group>";
		};
		F36CF16F2499216200CF3D5B /* Utilities */ = {
			isa = PBXGroup;
			children = (
				F36CF1762499223700CF3D5B /* UIKit Utilities */,
				F36CF1752499222400CF3D5B /* Managers */,
			);
			path = Utilities;
			sourceTree = "<group>";
		};
		F36CF1742499220900CF3D5B /* Resources */ = {
			isa = PBXGroup;
			children = (
				F3CFA93124991B0500348ADC /* Assets.xcassets */,
			);
			path = Resources;
			sourceTree = "<group>";
		};
		F36CF1752499222400CF3D5B /* Managers */ = {
			isa = PBXGroup;
			children = (
				F36CF171249921A200CF3D5B /* DataManager.swift */,
				F36CF170249921A200CF3D5B /* LanguageManager.swift */,
				F36CF172249921A200CF3D5B /* Localizable.swift */,
				F36CF173249921A200CF3D5B /* UserDefault.swift */,
				F36CF1EC249956E300CF3D5B /* UserDefault + Extentions.swift */,
			);
			path = Managers;
			sourceTree = "<group>";
		};
		F36CF1762499223700CF3D5B /* UIKit Utilities */ = {
			isa = PBXGroup;
			children = (
				F36CF1F92499728400CF3D5B /* UIViewExtentions */,
				F36CF1F42499723800CF3D5B /* MessageView */,
				F36CF1B42499306100CF3D5B /* Bundle */,
				F36CF1772499225200CF3D5B /* Coordinator */,
				F36CF1842499243200CF3D5B /* LoadingView */,
				F36CF1812499233300CF3D5B /* Rx */,
				F36CF18D2499285300CF3D5B /* UIViewController Extentions */,
			);
			path = "UIKit Utilities";
			sourceTree = "<group>";
		};
		F36CF1772499225200CF3D5B /* Coordinator */ = {
			isa = PBXGroup;
			children = (
				F36CF1782499225200CF3D5B /* Maincordinator */,
				F36CF17A2499225200CF3D5B /* Coordinator.swift */,
			);
			path = Coordinator;
			sourceTree = "<group>";
		};
		F36CF1782499225200CF3D5B /* Maincordinator */ = {
			isa = PBXGroup;
			children = (
				F36CF1792499225200CF3D5B /* MainCoordinator.swift */,
			);
			path = Maincordinator;
			sourceTree = "<group>";
		};
		F36CF1812499233300CF3D5B /* Rx */ = {
			isa = PBXGroup;
			children = (
				F36CF1822499233300CF3D5B /* ReactiveExtensiones.swift */,
			);
			name = Rx;
			path = "../../../../setareyek-new/SetareYek/Utilities/UIkit Utilities/Rx";
			sourceTree = "<group>";
		};
		F36CF1842499243200CF3D5B /* LoadingView */ = {
			isa = PBXGroup;
			children = (
				F36CF1852499243200CF3D5B /* AnimateloadingView.swift */,
				F36CF1862499243200CF3D5B /* LoadingView.xib */,
				F36CF1872499243200CF3D5B /* LoadingViewable.swift */,
				F36CF1882499243200CF3D5B /* loadingView.swift */,
			);
			path = LoadingView;
			sourceTree = "<group>";
		};
		F36CF18D2499285300CF3D5B /* UIViewController Extentions */ = {
			isa = PBXGroup;
			children = (
				F36CF18E2499285300CF3D5B /* ViewContollerLoadable.swift */,
				F36CF1902499285300CF3D5B /* StoryboardNames.swift */,
				F36CF1912499285300CF3D5B /* AddChildViewController.swift */,
			);
			path = "UIViewController Extentions";
			sourceTree = "<group>";
		};
		F36CF19624992A3E00CF3D5B /* Scenes */ = {
			isa = PBXGroup;
			children = (
				F36CF1C82499396F00CF3D5B /* Profile */,
				F36CF1B72499391500CF3D5B /* Register */,
				F36CF19924992A6900CF3D5B /* Splash */,
			);
			path = Scenes;
			sourceTree = "<group>";
		};
		F36CF19924992A6900CF3D5B /* Splash */ = {
			isa = PBXGroup;
			children = (
				F36CF19A24992A8F00CF3D5B /* View */,
			);
			path = Splash;
			sourceTree = "<group>";
		};
		F36CF19A24992A8F00CF3D5B /* View */ = {
			isa = PBXGroup;
			children = (
				F36CF19B24992A9F00CF3D5B /* Splash.storyboard */,
				F36CF19D24992AB400CF3D5B /* SplashVC.swift */,
			);
			path = View;
			sourceTree = "<group>";
		};
		F36CF1B42499306100CF3D5B /* Bundle */ = {
			isa = PBXGroup;
			children = (
				F36CF1B52499306100CF3D5B /* Bundle + ChangeLanguage.swift */,
			);
			path = Bundle;
			sourceTree = "<group>";
		};
		F36CF1B72499391500CF3D5B /* Register */ = {
			isa = PBXGroup;
			children = (
				F37941D52499F2B000BDFAE0 /* Signup */,
				F36CF1CC24993AF300CF3D5B /* Login */,
				F36CF1C02499391500CF3D5B /* RegisterCoordinator */,
			);
			path = Register;
			sourceTree = "<group>";
		};
		F36CF1C02499391500CF3D5B /* RegisterCoordinator */ = {
			isa = PBXGroup;
			children = (
				F36CF1C12499391500CF3D5B /* RegisterCoordinator.swift */,
			);
			path = RegisterCoordinator;
			sourceTree = "<group>";
		};
		F36CF1C82499396F00CF3D5B /* Profile */ = {
			isa = PBXGroup;
			children = (
				F354AA7A249AB6660087E0DC /* EditProfile */,
				F354AA79249AB65D0087E0DC /* List */,
				F36CF1C92499397B00CF3D5B /* ProfileCoordinator */,
			);
			path = Profile;
			sourceTree = "<group>";
		};
		F36CF1C92499397B00CF3D5B /* ProfileCoordinator */ = {
			isa = PBXGroup;
			children = (
				F36CF1CA2499398D00CF3D5B /* ProfileCoordinator.swift */,
			);
			path = ProfileCoordinator;
			sourceTree = "<group>";
		};
		F36CF1CC24993AF300CF3D5B /* Login */ = {
			isa = PBXGroup;
			children = (
				F36CF1E62499443500CF3D5B /* Manager */,
				F36CF1E32499428F00CF3D5B /* Protocols */,
				F36CF1CF24993B5200CF3D5B /* Model */,
				F36CF1CE24993B4C00CF3D5B /* ViewModel */,
				F36CF1CD24993B4800CF3D5B /* View */,
			);
			path = Login;
			sourceTree = "<group>";
		};
		F36CF1CD24993B4800CF3D5B /* View */ = {
			isa = PBXGroup;
			children = (
				F36CF1D024993B6400CF3D5B /* Login.storyboard */,
				F36CF1F024996BBF00CF3D5B /* LoginVC.swift */,
			);
			path = View;
			sourceTree = "<group>";
		};
		F36CF1CE24993B4C00CF3D5B /* ViewModel */ = {
			isa = PBXGroup;
			children = (
				F36CF1D224993B7500CF3D5B /* LoginViewModel.swift */,
			);
			path = ViewModel;
			sourceTree = "<group>";
		};
		F36CF1CF24993B5200CF3D5B /* Model */ = {
			isa = PBXGroup;
			children = (
				F36CF1EA249945C900CF3D5B /* User.swift */,
			);
			path = Model;
			sourceTree = "<group>";
		};
		F36CF1D924993B9200CF3D5B /* ExampleSignupTests */ = {
			isa = PBXGroup;
			children = (
				F36CF1DA24993B9200CF3D5B /* ExampleSignupTests.swift */,
				F36CF1DC24993B9200CF3D5B /* Info.plist */,
			);
			path = ExampleSignupTests;
			sourceTree = "<group>";
		};
		F36CF1E32499428F00CF3D5B /* Protocols */ = {
			isa = PBXGroup;
			children = (
				F36CF1E4249942B200CF3D5B /* LoginProtocols.swift */,
			);
			path = Protocols;
			sourceTree = "<group>";
		};
		F36CF1E62499443500CF3D5B /* Manager */ = {
			isa = PBXGroup;
			children = (
				F36CF1E82499457100CF3D5B /* LoginManager.swift */,
				F36CF1F224996D9200CF3D5B /* RegisterValidation.swift */,
			);
			path = Manager;
			sourceTree = "<group>";
		};
		F36CF1F42499723800CF3D5B /* MessageView */ = {
			isa = PBXGroup;
			children = (
				F36CF1F52499723800CF3D5B /* MessageView.xib */,
				F36CF1F62499723800CF3D5B /* MessageView.swift */,
			);
			path = MessageView;
			sourceTree = "<group>";
		};
		F36CF1F92499728400CF3D5B /* UIViewExtentions */ = {
			isa = PBXGroup;
			children = (
				F36CF1FA2499729900CF3D5B /* UIView + Tap.swift */,
				F36CF1FC249972C000CF3D5B /* UIView + Fill.swift */,
			);
			path = UIViewExtentions;
			sourceTree = "<group>";
		};
		F37941D52499F2B000BDFAE0 /* Signup */ = {
			isa = PBXGroup;
			children = (
				F37941D72499F2D400BDFAE0 /* ViewModel */,
				F37941D82499F2D400BDFAE0 /* View */,
			);
			path = Signup;
			sourceTree = "<group>";
		};
		F37941D72499F2D400BDFAE0 /* ViewModel */ = {
			isa = PBXGroup;
			children = (
				F37941DE2499F8F100BDFAE0 /* RegisterViewModel.swift */,
			);
			path = ViewModel;
			sourceTree = "<group>";
		};
		F37941D82499F2D400BDFAE0 /* View */ = {
			isa = PBXGroup;
			children = (
				F37941DB2499F2DE00BDFAE0 /* Signup.storyboard */,
				F37941DC2499F2DE00BDFAE0 /* SignupVC.swift */,
			);
			path = View;
			sourceTree = "<group>";
		};
		F3C7A8DD249AC0C900AF7A9C /* ViewModel */ = {
			isa = PBXGroup;
			children = (
				F3C7A8DE249AC0DE00AF7A9C /* UserListViewModel.swift */,
			);
			path = ViewModel;
			sourceTree = "<group>";
		};
		F3CFA91C24991B0400348ADC = {
			isa = PBXGroup;
			children = (
				F3CFA92724991B0400348ADC /* ExampleSignup */,
				F36CF1D924993B9200CF3D5B /* ExampleSignupTests */,
				F3CFA92624991B0400348ADC /* Products */,
				8EC690446E05A90CC66CD1A9 /* Pods */,
				5C2643ACC61B0CD1EEBEA4C0 /* Frameworks */,
			);
			sourceTree = "<group>";
		};
		F3CFA92624991B0400348ADC /* Products */ = {
			isa = PBXGroup;
			children = (
				F3CFA92524991B0400348ADC /* ExampleSignup.app */,
				F36CF1D824993B9100CF3D5B /* ExampleSignupTests.xctest */,
			);
			name = Products;
			sourceTree = "<group>";
		};
		F3CFA92724991B0400348ADC /* ExampleSignup */ = {
			isa = PBXGroup;
			children = (
				F36CF19624992A3E00CF3D5B /* Scenes */,
				F36CF1742499220900CF3D5B /* Resources */,
				F36CF16624991E7900CF3D5B /* Support */,
				F36CF16F2499216200CF3D5B /* Utilities */,
			);
			path = ExampleSignup;
			sourceTree = "<group>";
		};
/* End PBXGroup section */

/* Begin PBXNativeTarget section */
		F36CF1D724993B9100CF3D5B /* ExampleSignupTests */ = {
			isa = PBXNativeTarget;
			buildConfigurationList = F36CF1DF24993B9200CF3D5B /* Build configuration list for PBXNativeTarget "ExampleSignupTests" */;
			buildPhases = (
				F36CF1D424993B9100CF3D5B /* Sources */,
				F36CF1D524993B9100CF3D5B /* Frameworks */,
				F36CF1D624993B9100CF3D5B /* Resources */,
			);
			buildRules = (
			);
			dependencies = (
				F36CF1DE24993B9200CF3D5B /* PBXTargetDependency */,
			);
			name = ExampleSignupTests;
			productName = ExampleSignupTests;
			productReference = F36CF1D824993B9100CF3D5B /* ExampleSignupTests.xctest */;
			productType = "com.apple.product-type.bundle.unit-test";
		};
		F3CFA92424991B0400348ADC /* ExampleSignup */ = {
			isa = PBXNativeTarget;
			buildConfigurationList = F3CFA93924991B0500348ADC /* Build configuration list for PBXNativeTarget "ExampleSignup" */;
			buildPhases = (
				F48CFACCE2770E5FEA626782 /* [CP] Check Pods Manifest.lock */,
				F3CFA92124991B0400348ADC /* Sources */,
				F3CFA92224991B0400348ADC /* Frameworks */,
				F3CFA92324991B0400348ADC /* Resources */,
				7C62C67342DA37BFE35FCC57 /* [CP] Embed Pods Frameworks */,
			);
			buildRules = (
			);
			dependencies = (
			);
			name = ExampleSignup;
			productName = ExampleSignup;
			productReference = F3CFA92524991B0400348ADC /* ExampleSignup.app */;
			productType = "com.apple.product-type.application";
		};
/* End PBXNativeTarget section */

/* Begin PBXProject section */
		F3CFA91D24991B0400348ADC /* Project object */ = {
			isa = PBXProject;
			attributes = {
				LastSwiftUpdateCheck = 1150;
				LastUpgradeCheck = 1150;
				ORGANIZATIONNAME = Communere;
				TargetAttributes = {
					F36CF1D724993B9100CF3D5B = {
						CreatedOnToolsVersion = 11.5;
						TestTargetID = F3CFA92424991B0400348ADC;
					};
					F3CFA92424991B0400348ADC = {
						CreatedOnToolsVersion = 11.5;
					};
				};
			};
			buildConfigurationList = F3CFA92024991B0400348ADC /* Build configuration list for PBXProject "ExampleSignup" */;
			compatibilityVersion = "Xcode 9.3";
			developmentRegion = en;
			hasScannedForEncodings = 0;
			knownRegions = (
				en,
				Base,
				fa,
			);
			mainGroup = F3CFA91C24991B0400348ADC;
			productRefGroup = F3CFA92624991B0400348ADC /* Products */;
			projectDirPath = "";
			projectRoot = "";
			targets = (
				F3CFA92424991B0400348ADC /* ExampleSignup */,
				F36CF1D724993B9100CF3D5B /* ExampleSignupTests */,
			);
		};
/* End PBXProject section */

/* Begin PBXResourcesBuildPhase section */
		F36CF1D624993B9100CF3D5B /* Resources */ = {
			isa = PBXResourcesBuildPhase;
			buildActionMask = 2147483647;
			files = (
			);
			runOnlyForDeploymentPostprocessing = 0;
		};
		F3CFA92324991B0400348ADC /* Resources */ = {
			isa = PBXResourcesBuildPhase;
			buildActionMask = 2147483647;
			files = (
				F3CFA93524991B0500348ADC /* LaunchScreen.storyboard in Resources */,
				F354AA85249AB7120087E0DC /* UserListTableViewCell.xib in Resources */,
				F36CF18A2499243C00CF3D5B /* LoadingView.xib in Resources */,
				F36CF1D124993B6400CF3D5B /* Login.storyboard in Resources */,
				F354AA7D249AB6970087E0DC /* UserLists.storyboard in Resources */,
				F36CF16C2499211F00CF3D5B /* Localizable.strings in Resources */,
				F36CF1F72499723800CF3D5B /* MessageView.xib in Resources */,
				F36CF19C24992A9F00CF3D5B /* Splash.storyboard in Resources */,
				F354AA73249AA40A0087E0DC /* Profile.storyboard in Resources */,
				F37941E0249A069400BDFAE0 /* Signup.storyboard in Resources */,
				F3CFA93224991B0500348ADC /* Assets.xcassets in Resources */,
			);
			runOnlyForDeploymentPostprocessing = 0;
		};
/* End PBXResourcesBuildPhase section */

/* Begin PBXShellScriptBuildPhase section */
		7C62C67342DA37BFE35FCC57 /* [CP] Embed Pods Frameworks */ = {
			isa = PBXShellScriptBuildPhase;
			buildActionMask = 2147483647;
			files = (
			);
			inputFileListPaths = (
				"${PODS_ROOT}/Target Support Files/Pods-ExampleSignup/Pods-ExampleSignup-frameworks-${CONFIGURATION}-input-files.xcfilelist",
			);
			name = "[CP] Embed Pods Frameworks";
			outputFileListPaths = (
				"${PODS_ROOT}/Target Support Files/Pods-ExampleSignup/Pods-ExampleSignup-frameworks-${CONFIGURATION}-output-files.xcfilelist",
			);
			runOnlyForDeploymentPostprocessing = 0;
			shellPath = /bin/sh;
			shellScript = "\"${PODS_ROOT}/Target Support Files/Pods-ExampleSignup/Pods-ExampleSignup-frameworks.sh\"\n";
			showEnvVarsInLog = 0;
		};
		F48CFACCE2770E5FEA626782 /* [CP] Check Pods Manifest.lock */ = {
			isa = PBXShellScriptBuildPhase;
			buildActionMask = 2147483647;
			files = (
			);
			inputFileListPaths = (
			);
			inputPaths = (
				"${PODS_PODFILE_DIR_PATH}/Podfile.lock",
				"${PODS_ROOT}/Manifest.lock",
			);
			name = "[CP] Check Pods Manifest.lock";
			outputFileListPaths = (
			);
			outputPaths = (
				"$(DERIVED_FILE_DIR)/Pods-ExampleSignup-checkManifestLockResult.txt",
			);
			runOnlyForDeploymentPostprocessing = 0;
			shellPath = /bin/sh;
			shellScript = "diff \"${PODS_PODFILE_DIR_PATH}/Podfile.lock\" \"${PODS_ROOT}/Manifest.lock\" > /dev/null\nif [ $? != 0 ] ; then\n    # print error to STDERR\n    echo \"error: The sandbox is not in sync with the Podfile.lock. Run 'pod install' or update your CocoaPods installation.\" >&2\n    exit 1\nfi\n# This output is used by Xcode 'outputs' to avoid re-running this script phase.\necho \"SUCCESS\" > \"${SCRIPT_OUTPUT_FILE_0}\"\n";
			showEnvVarsInLog = 0;
		};
/* End PBXShellScriptBuildPhase section */

/* Begin PBXSourcesBuildPhase section */
		F36CF1D424993B9100CF3D5B /* Sources */ = {
			isa = PBXSourcesBuildPhase;
			buildActionMask = 2147483647;
			files = (
				F36CF1DB24993B9200CF3D5B /* ExampleSignupTests.swift in Sources */,
			);
			runOnlyForDeploymentPostprocessing = 0;
		};
		F3CFA92124991B0400348ADC /* Sources */ = {
			isa = PBXSourcesBuildPhase;
			buildActionMask = 2147483647;
			files = (
				F3CFA92924991B0400348ADC /* AppDelegate.swift in Sources */,
				F36CF1ED249956E300CF3D5B /* UserDefault + Extentions.swift in Sources */,
				F36CF180249922D500CF3D5B /* UserDefault.swift in Sources */,
				F36CF18C2499243C00CF3D5B /* loadingView.swift in Sources */,
				F36CF1942499285900CF3D5B /* StoryboardNames.swift in Sources */,
				F36CF17D249922CD00CF3D5B /* DataManager.swift in Sources */,
				F37941DD2499F70600BDFAE0 /* SignupVC.swift in Sources */,
				F36CF18B2499243C00CF3D5B /* LoadingViewable.swift in Sources */,
				F36CF1B62499306E00CF3D5B /* Bundle + ChangeLanguage.swift in Sources */,
				F36CF1E92499457100CF3D5B /* LoginManager.swift in Sources */,
				F36CF1F124996BBF00CF3D5B /* LoginVC.swift in Sources */,
				F36CF17E249922D000CF3D5B /* Localizable.swift in Sources */,
				F354AA7F249AB6B90087E0DC /* UserListsVC.swift in Sources */,
				F3C7A8DF249AC0DE00AF7A9C /* UserListViewModel.swift in Sources */,
				F36CF1D324993B7500CF3D5B /* LoginViewModel.swift in Sources */,
				F36CF1832499233300CF3D5B /* ReactiveExtensiones.swift in Sources */,
				F36CF17F249922D300CF3D5B /* LanguageManager.swift in Sources */,
				F36CF1FB2499729900CF3D5B /* UIView + Tap.swift in Sources */,
				F36CF1CB249939A100CF3D5B /* ProfileCoordinator.swift in Sources */,
				F36CF1892499243C00CF3D5B /* AnimateloadingView.swift in Sources */,
				F37941DF2499F8F100BDFAE0 /* RegisterViewModel.swift in Sources */,
				F354AA84249AB7120087E0DC /* UserListTableViewCell.swift in Sources */,
				F36CF1B324992FE600CF3D5B /* main.swift in Sources */,
				F354AA75249AA5D70087E0DC /* ProfileVC.swift in Sources */,
				F36CF17B249922C500CF3D5B /* MainCoordinator.swift in Sources */,
				F36CF1E5249942F200CF3D5B /* LoginProtocols.swift in Sources */,
				F36CF19E24992AB400CF3D5B /* SplashVC.swift in Sources */,
				F36CF17C249922C900CF3D5B /* Coordinator.swift in Sources */,
				F36CF1FD249972C000CF3D5B /* UIView + Fill.swift in Sources */,
				F36CF1F82499723800CF3D5B /* MessageView.swift in Sources */,
				F36CF1922499285900CF3D5B /* ViewContollerLoadable.swift in Sources */,
				F354AA78249AA9C80087E0DC /* ProfileVM.swift in Sources */,
				F36CF1C72499391500CF3D5B /* RegisterCoordinator.swift in Sources */,
				F36CF1952499285900CF3D5B /* AddChildViewController.swift in Sources */,
				F36CF1EB249945C900CF3D5B /* User.swift in Sources */,
				F36CF1F324996D9200CF3D5B /* RegisterValidation.swift in Sources */,
			);
			runOnlyForDeploymentPostprocessing = 0;
		};
/* End PBXSourcesBuildPhase section */

/* Begin PBXTargetDependency section */
		F36CF1DE24993B9200CF3D5B /* PBXTargetDependency */ = {
			isa = PBXTargetDependency;
			target = F3CFA92424991B0400348ADC /* ExampleSignup */;
			targetProxy = F36CF1DD24993B9200CF3D5B /* PBXContainerItemProxy */;
		};
/* End PBXTargetDependency section */

/* Begin PBXVariantGroup section */
		F36CF16E2499211F00CF3D5B /* Localizable.strings */ = {
			isa = PBXVariantGroup;
			children = (
				F36CF16D2499211F00CF3D5B /* fa */,
			);
			name = Localizable.strings;
			sourceTree = "<group>";
		};
		F3CFA93324991B0500348ADC /* LaunchScreen.storyboard */ = {
			isa = PBXVariantGroup;
			children = (
				F3CFA93424991B0500348ADC /* Base */,
			);
			name = LaunchScreen.storyboard;
			sourceTree = "<group>";
		};
/* End PBXVariantGroup section */

/* Begin XCBuildConfiguration section */
		F36CF1E024993B9200CF3D5B /* Debug */ = {
			isa = XCBuildConfiguration;
			buildSettings = {
				BUNDLE_LOADER = "$(TEST_HOST)";
				CODE_SIGN_STYLE = Automatic;
				DEVELOPMENT_TEAM = L9H5P3R5C2;
				INFOPLIST_FILE = ExampleSignupTests/Info.plist;
				IPHONEOS_DEPLOYMENT_TARGET = 13.5;
				LD_RUNPATH_SEARCH_PATHS = (
					"$(inherited)",
					"@executable_path/Frameworks",
					"@loader_path/Frameworks",
				);
				PRODUCT_BUNDLE_IDENTIFIER = Com.ExampleSignupTests;
				PRODUCT_NAME = "$(TARGET_NAME)";
				SWIFT_VERSION = 5.0;
				TARGETED_DEVICE_FAMILY = "1,2";
				TEST_HOST = "$(BUILT_PRODUCTS_DIR)/ExampleSignup.app/ExampleSignup";
			};
			name = Debug;
		};
		F36CF1E124993B9200CF3D5B /* Release */ = {
			isa = XCBuildConfiguration;
			buildSettings = {
				BUNDLE_LOADER = "$(TEST_HOST)";
				CODE_SIGN_STYLE = Automatic;
				DEVELOPMENT_TEAM = L9H5P3R5C2;
				INFOPLIST_FILE = ExampleSignupTests/Info.plist;
				IPHONEOS_DEPLOYMENT_TARGET = 13.5;
				LD_RUNPATH_SEARCH_PATHS = (
					"$(inherited)",
					"@executable_path/Frameworks",
					"@loader_path/Frameworks",
				);
				PRODUCT_BUNDLE_IDENTIFIER = Com.ExampleSignupTests;
				PRODUCT_NAME = "$(TARGET_NAME)";
				SWIFT_VERSION = 5.0;
				TARGETED_DEVICE_FAMILY = "1,2";
				TEST_HOST = "$(BUILT_PRODUCTS_DIR)/ExampleSignup.app/ExampleSignup";
			};
			name = Release;
		};
		F3CFA93724991B0500348ADC /* Debug */ = {
			isa = XCBuildConfiguration;
			buildSettings = {
				ALWAYS_SEARCH_USER_PATHS = NO;
				CLANG_ANALYZER_LOCALIZABILITY_NONLOCALIZED = YES;
				CLANG_ANALYZER_NONNULL = YES;
				CLANG_ANALYZER_NUMBER_OBJECT_CONVERSION = YES_AGGRESSIVE;
				CLANG_CXX_LANGUAGE_STANDARD = "gnu++14";
				CLANG_CXX_LIBRARY = "libc++";
				CLANG_ENABLE_MODULES = YES;
				CLANG_ENABLE_OBJC_ARC = YES;
				CLANG_ENABLE_OBJC_WEAK = YES;
				CLANG_WARN_BLOCK_CAPTURE_AUTORELEASING = YES;
				CLANG_WARN_BOOL_CONVERSION = YES;
				CLANG_WARN_COMMA = YES;
				CLANG_WARN_CONSTANT_CONVERSION = YES;
				CLANG_WARN_DEPRECATED_OBJC_IMPLEMENTATIONS = YES;
				CLANG_WARN_DIRECT_OBJC_ISA_USAGE = YES_ERROR;
				CLANG_WARN_DOCUMENTATION_COMMENTS = YES;
				CLANG_WARN_EMPTY_BODY = YES;
				CLANG_WARN_ENUM_CONVERSION = YES;
				CLANG_WARN_INFINITE_RECURSION = YES;
				CLANG_WARN_INT_CONVERSION = YES;
				CLANG_WARN_NON_LITERAL_NULL_CONVERSION = YES;
				CLANG_WARN_OBJC_IMPLICIT_RETAIN_SELF = YES;
				CLANG_WARN_OBJC_LITERAL_CONVERSION = YES;
				CLANG_WARN_OBJC_ROOT_CLASS = YES_ERROR;
				CLANG_WARN_RANGE_LOOP_ANALYSIS = YES;
				CLANG_WARN_STRICT_PROTOTYPES = YES;
				CLANG_WARN_SUSPICIOUS_MOVE = YES;
				CLANG_WARN_UNGUARDED_AVAILABILITY = YES_AGGRESSIVE;
				CLANG_WARN_UNREACHABLE_CODE = YES;
				CLANG_WARN__DUPLICATE_METHOD_MATCH = YES;
				COPY_PHASE_STRIP = NO;
				DEBUG_INFORMATION_FORMAT = dwarf;
				ENABLE_STRICT_OBJC_MSGSEND = YES;
				ENABLE_TESTABILITY = YES;
				GCC_C_LANGUAGE_STANDARD = gnu11;
				GCC_DYNAMIC_NO_PIC = NO;
				GCC_NO_COMMON_BLOCKS = YES;
				GCC_OPTIMIZATION_LEVEL = 0;
				GCC_PREPROCESSOR_DEFINITIONS = (
					"DEBUG=1",
					"$(inherited)",
				);
				GCC_WARN_64_TO_32_BIT_CONVERSION = YES;
				GCC_WARN_ABOUT_RETURN_TYPE = YES_ERROR;
				GCC_WARN_UNDECLARED_SELECTOR = YES;
				GCC_WARN_UNINITIALIZED_AUTOS = YES_AGGRESSIVE;
				GCC_WARN_UNUSED_FUNCTION = YES;
				GCC_WARN_UNUSED_VARIABLE = YES;
				IPHONEOS_DEPLOYMENT_TARGET = 11.0;
				MTL_ENABLE_DEBUG_INFO = INCLUDE_SOURCE;
				MTL_FAST_MATH = YES;
				ONLY_ACTIVE_ARCH = YES;
				SDKROOT = iphoneos;
				SWIFT_ACTIVE_COMPILATION_CONDITIONS = DEBUG;
				SWIFT_OPTIMIZATION_LEVEL = "-Onone";
			};
			name = Debug;
		};
		F3CFA93824991B0500348ADC /* Release */ = {
			isa = XCBuildConfiguration;
			buildSettings = {
				ALWAYS_SEARCH_USER_PATHS = NO;
				CLANG_ANALYZER_LOCALIZABILITY_NONLOCALIZED = YES;
				CLANG_ANALYZER_NONNULL = YES;
				CLANG_ANALYZER_NUMBER_OBJECT_CONVERSION = YES_AGGRESSIVE;
				CLANG_CXX_LANGUAGE_STANDARD = "gnu++14";
				CLANG_CXX_LIBRARY = "libc++";
				CLANG_ENABLE_MODULES = YES;
				CLANG_ENABLE_OBJC_ARC = YES;
				CLANG_ENABLE_OBJC_WEAK = YES;
				CLANG_WARN_BLOCK_CAPTURE_AUTORELEASING = YES;
				CLANG_WARN_BOOL_CONVERSION = YES;
				CLANG_WARN_COMMA = YES;
				CLANG_WARN_CONSTANT_CONVERSION = YES;
				CLANG_WARN_DEPRECATED_OBJC_IMPLEMENTATIONS = YES;
				CLANG_WARN_DIRECT_OBJC_ISA_USAGE = YES_ERROR;
				CLANG_WARN_DOCUMENTATION_COMMENTS = YES;
				CLANG_WARN_EMPTY_BODY = YES;
				CLANG_WARN_ENUM_CONVERSION = YES;
				CLANG_WARN_INFINITE_RECURSION = YES;
				CLANG_WARN_INT_CONVERSION = YES;
				CLANG_WARN_NON_LITERAL_NULL_CONVERSION = YES;
				CLANG_WARN_OBJC_IMPLICIT_RETAIN_SELF = YES;
				CLANG_WARN_OBJC_LITERAL_CONVERSION = YES;
				CLANG_WARN_OBJC_ROOT_CLASS = YES_ERROR;
				CLANG_WARN_RANGE_LOOP_ANALYSIS = YES;
				CLANG_WARN_STRICT_PROTOTYPES = YES;
				CLANG_WARN_SUSPICIOUS_MOVE = YES;
				CLANG_WARN_UNGUARDED_AVAILABILITY = YES_AGGRESSIVE;
				CLANG_WARN_UNREACHABLE_CODE = YES;
				CLANG_WARN__DUPLICATE_METHOD_MATCH = YES;
				COPY_PHASE_STRIP = NO;
				DEBUG_INFORMATION_FORMAT = "dwarf-with-dsym";
				ENABLE_NS_ASSERTIONS = NO;
				ENABLE_STRICT_OBJC_MSGSEND = YES;
				GCC_C_LANGUAGE_STANDARD = gnu11;
				GCC_NO_COMMON_BLOCKS = YES;
				GCC_WARN_64_TO_32_BIT_CONVERSION = YES;
				GCC_WARN_ABOUT_RETURN_TYPE = YES_ERROR;
				GCC_WARN_UNDECLARED_SELECTOR = YES;
				GCC_WARN_UNINITIALIZED_AUTOS = YES_AGGRESSIVE;
				GCC_WARN_UNUSED_FUNCTION = YES;
				GCC_WARN_UNUSED_VARIABLE = YES;
				IPHONEOS_DEPLOYMENT_TARGET = 11.0;
				MTL_ENABLE_DEBUG_INFO = NO;
				MTL_FAST_MATH = YES;
				SDKROOT = iphoneos;
				SWIFT_COMPILATION_MODE = wholemodule;
				SWIFT_OPTIMIZATION_LEVEL = "-O";
				VALIDATE_PRODUCT = YES;
			};
			name = Release;
		};
		F3CFA93A24991B0500348ADC /* Debug */ = {
			isa = XCBuildConfiguration;
			baseConfigurationReference = 0B92EBC00F0E0EB09B4C0055 /* Pods-ExampleSignup.debug.xcconfig */;
			buildSettings = {
				ASSETCATALOG_COMPILER_APPICON_NAME = AppIcon;
				CODE_SIGN_STYLE = Automatic;
				DEVELOPMENT_TEAM = L9H5P3R5C2;
				INFOPLIST_FILE = "$(SRCROOT)/ExampleSignup/Support/Info.plist";
				IPHONEOS_DEPLOYMENT_TARGET = 11.0;
				LD_RUNPATH_SEARCH_PATHS = (
					"$(inherited)",
					"@executable_path/Frameworks",
				);
				PRODUCT_BUNDLE_IDENTIFIER = Com.ExampleSignup;
				PRODUCT_NAME = "$(TARGET_NAME)";
				SWIFT_VERSION = 5.0;
				TARGETED_DEVICE_FAMILY = "1,2";
			};
			name = Debug;
		};
		F3CFA93B24991B0500348ADC /* Release */ = {
			isa = XCBuildConfiguration;
			baseConfigurationReference = C0B8AA4B6E564714C4090AC9 /* Pods-ExampleSignup.release.xcconfig */;
			buildSettings = {
				ASSETCATALOG_COMPILER_APPICON_NAME = AppIcon;
				CODE_SIGN_STYLE = Automatic;
				DEVELOPMENT_TEAM = L9H5P3R5C2;
				INFOPLIST_FILE = "$(SRCROOT)/ExampleSignup/Support/Info.plist";
				IPHONEOS_DEPLOYMENT_TARGET = 11.0;
				LD_RUNPATH_SEARCH_PATHS = (
					"$(inherited)",
					"@executable_path/Frameworks",
				);
				PRODUCT_BUNDLE_IDENTIFIER = Com.ExampleSignup;
				PRODUCT_NAME = "$(TARGET_NAME)";
				SWIFT_VERSION = 5.0;
				TARGETED_DEVICE_FAMILY = "1,2";
			};
			name = Release;
		};
/* End XCBuildConfiguration section */

/* Begin XCConfigurationList section */
		F36CF1DF24993B9200CF3D5B /* Build configuration list for PBXNativeTarget "ExampleSignupTests" */ = {
			isa = XCConfigurationList;
			buildConfigurations = (
				F36CF1E024993B9200CF3D5B /* Debug */,
				F36CF1E124993B9200CF3D5B /* Release */,
			);
			defaultConfigurationIsVisible = 0;
			defaultConfigurationName = Release;
		};
		F3CFA92024991B0400348ADC /* Build configuration list for PBXProject "ExampleSignup" */ = {
			isa = XCConfigurationList;
			buildConfigurations = (
				F3CFA93724991B0500348ADC /* Debug */,
				F3CFA93824991B0500348ADC /* Release */,
			);
			defaultConfigurationIsVisible = 0;
			defaultConfigurationName = Release;
		};
		F3CFA93924991B0500348ADC /* Build configuration list for PBXNativeTarget "ExampleSignup" */ = {
			isa = XCConfigurationList;
			buildConfigurations = (
				F3CFA93A24991B0500348ADC /* Debug */,
				F3CFA93B24991B0500348ADC /* Release */,
			);
			defaultConfigurationIsVisible = 0;
			defaultConfigurationName = Release;
		};
/* End XCConfigurationList section */
	};
	rootObject = F3CFA91D24991B0400348ADC /* Project object */;
}
